
Microsoft Visual Studio Solution File, Format Version 12.00
# Visual Studio 15
VisualStudioVersion = 15.0.27130.2010
MinimumVisualStudioVersion = 10.0.40219.1
Project("{8BC9CEB8-8B4A-11D0-8D11-00A0C91BC942}") = "infinite-runner", "infinite-runner\infinite-runner.vcxproj", "{948DBB59-46C7-443E-9A20-D8946DC4D699}"
EndProject
Global
	GlobalSection(SolutionConfigurationPlatforms) = preSolution
		Debug|x64 = Debug|x64
		Debug|x86 = Debug|x86
		Release|x64 = Release|x64
		Release|x86 = Release|x86
	EndGlobalSection
	GlobalSection(ProjectConfigurationPlatforms) = postSolution
		{948DBB59-46C7-443E-9A20-D8946DC4D699}.Debug|x64.ActiveCfg = Debug|x64
		{948DBB59-46C7-443E-9A20-D8946DC4D699}.Debug|x64.Build.0 = Debug|x64
		{948DBB59-46C7-443E-9A20-D8946DC4D699}.Debug|x86.ActiveCfg = Debug|Win32
		{948DBB59-46C7-443E-9A20-D8946DC4D699}.Debug|x86.Build.0 = Debug|Win32
		{948DBB59-46C7-443E-9A20-D8946DC4D699}.Release|x64.ActiveCfg = Release|x64
		{948DBB59-46C7-443E-9A20-D8946DC4D699}.Release|x64.Build.0 = Release|x64
		{948DBB59-46C7-443E-9A20-D8946DC4D699}.Release|x86.ActiveCfg = Release|Win32
		{948DBB59-46C7-443E-9A20-D8946DC4D699}.Release|x86.Build.0 = Release|Win32
	EndGlobalSection
	GlobalSection(SolutionProperties) = preSolution
		HideSolutionNode = FALSE
	EndGlobalSection
	GlobalSection(ExtensibilityGlobals) = postSolution
		SolutionGuid = {EBC6F3F1-245D-4BC2-89D8-12ABEB9FE8C0}
	EndGlobalSection
EndGlobal
